
Microsoft Visual Studio Solution File, Format Version 12.00
# Visual Studio Version 17
VisualStudioVersion = 17.8.34511.84
MinimumVisualStudioVersion = 10.0.40219.1
Project("{FAE04EC0-301F-11D3-BF4B-00C04F79EFBC}") = "IonFabrication", "IonFabrication.csproj", "{AC71E40F-A02B-4047-8FCD-E8DA53F4ABD4}"
EndProject
Global
	GlobalSection(SolutionConfigurationPlatforms) = preSolution
		Debug|Any CPU = Debug|Any CPU
		Release|Any CPU = Release|Any CPU
	EndGlobalSection
	GlobalSection(ProjectConfigurationPlatforms) = postSolution
		{AC71E40F-A02B-4047-8FCD-E8DA53F4ABD4}.Debug|Any CPU.ActiveCfg = Debug|Any CPU
		{AC71E40F-A02B-4047-8FCD-E8DA53F4ABD4}.Debug|Any CPU.Build.0 = Debug|Any CPU
		{AC71E40F-A02B-4047-8FCD-E8DA53F4ABD4}.Release|Any CPU.ActiveCfg = Release|Any CPU
		{AC71E40F-A02B-4047-8FCD-E8DA53F4ABD4}.Release|Any CPU.Build.0 = Release|Any CPU
	EndGlobalSection
	GlobalSection(SolutionProperties) = preSolution
		HideSolutionNode = FALSE
	EndGlobalSection
	GlobalSection(ExtensibilityGlobals) = postSolution
		SolutionGuid = {0D75C509-3B46-4573-A132-CE6F6F9D3583}
	EndGlobalSection
EndGlobal
